
Microsoft Visual Studio Solution File, Format Version 12.00
# Visual Studio Version 16
VisualStudioVersion = 16.0.30330.147
MinimumVisualStudioVersion = 10.0.40219.1
Project("{FAE04EC0-301F-11D3-BF4B-00C04F79EFBC}") = "WebApplication1", "WebApplication1.csproj", "{6C834E75-95F3-45E2-85C3-82C212049427}"
EndProject
Global
	GlobalSection(SolutionConfigurationPlatforms) = preSolution
		Debug|Any CPU = Debug|Any CPU
		Release|Any CPU = Release|Any CPU
	EndGlobalSection
	GlobalSection(ProjectConfigurationPlatforms) = postSolution
		{6C834E75-95F3-45E2-85C3-82C212049427}.Debug|Any CPU.ActiveCfg = Debug|Any CPU
		{6C834E75-95F3-45E2-85C3-82C212049427}.Debug|Any CPU.Build.0 = Debug|Any CPU
		{6C834E75-95F3-45E2-85C3-82C212049427}.Release|Any CPU.ActiveCfg = Release|Any CPU
		{6C834E75-95F3-45E2-85C3-82C212049427}.Release|Any CPU.Build.0 = Release|Any CPU
	EndGlobalSection
	GlobalSection(SolutionProperties) = preSolution
		HideSolutionNode = FALSE
	EndGlobalSection
	GlobalSection(ExtensibilityGlobals) = postSolution
		SolutionGuid = {9B435C5A-A733-4435-B3C5-9244C37639BA}
	EndGlobalSection
EndGlobal
